
Microsoft Visual Studio Solution File, Format Version 12.00
# Visual Studio Version 16
VisualStudioVersion = 16.0.30907.101
MinimumVisualStudioVersion = 10.0.40219.1
Project("{FAE04EC0-301F-11D3-BF4B-00C04F79EFBC}") = "POCPDFtoImage", "POCPDFtoImage\POCPDFtoImage.csproj", "{1607CE6A-470A-4D26-A49B-E85D40DD9D64}"
EndProject
Global
	GlobalSection(SolutionConfigurationPlatforms) = preSolution
		Debug|Any CPU = Debug|Any CPU
		Release|Any CPU = Release|Any CPU
	EndGlobalSection
	GlobalSection(ProjectConfigurationPlatforms) = postSolution
		{1607CE6A-470A-4D26-A49B-E85D40DD9D64}.Debug|Any CPU.ActiveCfg = Debug|Any CPU
		{1607CE6A-470A-4D26-A49B-E85D40DD9D64}.Debug|Any CPU.Build.0 = Debug|Any CPU
		{1607CE6A-470A-4D26-A49B-E85D40DD9D64}.Release|Any CPU.ActiveCfg = Release|Any CPU
		{1607CE6A-470A-4D26-A49B-E85D40DD9D64}.Release|Any CPU.Build.0 = Release|Any CPU
	EndGlobalSection
	GlobalSection(SolutionProperties) = preSolution
		HideSolutionNode = FALSE
	EndGlobalSection
	GlobalSection(ExtensibilityGlobals) = postSolution
		SolutionGuid = {63C0C6B3-8F09-4AB1-8619-4D539B860138}
	EndGlobalSection
EndGlobal
